{
  "version": 1,
  "dependencies": {
    "net10.0": {
      "Azure.Identity": {
        "type": "Direct",
        "resolved": "1.13.2"
      },
      "Example.NuGet.Lock": {
        "type": "Direct",
        "resolved": "2.0.0"
      },
      "Newtonsoft.Json": {
        "type": "Direct",
        "resolved": "13.0.3"
      }
    }
  }
}
